// !$*UTF8*$!
{
	archiveVersion = 1;
	classes = {
	};
	objectVersion = 51;
	objects = {

/* Begin PBXBuildFile section */
		091CF772273C61740061DB02 /* FireDBHelper.swift in Sources */ = {isa = PBXBuildFile; fileRef = 091CF771273C61740061DB02 /* FireDBHelper.swift */; };
		095F09462740529B00F3FA92 /* GoogleService-Info.plist in Resources */ = {isa = PBXBuildFile; fileRef = 095F09452740529B00F3FA92 /* GoogleService-Info.plist */; };
		0988582C2752FBEC00D01808 /* NoteDetails.swift in Sources */ = {isa = PBXBuildFile; fileRef = 0988582B2752FBEC00D01808 /* NoteDetails.swift */; };
		633C1D5BBCD4618ADC79A345 /* Pods_VentureBook.framework in Frameworks */ = {isa = PBXBuildFile; fileRef = 648061E1B1FE6B9553BBE5BD /* Pods_VentureBook.framework */; };
		A72A90A92767F60F00CB7F87 /* VentureBookAppClipApp.swift in Sources */ = {isa = PBXBuildFile; fileRef = A72A90A82767F60F00CB7F87 /* VentureBookAppClipApp.swift */; };
		A72A90AB2767F60F00CB7F87 /* ContentView.swift in Sources */ = {isa = PBXBuildFile; fileRef = A72A90AA2767F60F00CB7F87 /* ContentView.swift */; };
		A72A90AD2767F61300CB7F87 /* Assets.xcassets in Resources */ = {isa = PBXBuildFile; fileRef = A72A90AC2767F61300CB7F87 /* Assets.xcassets */; };
		A72A90B02767F61300CB7F87 /* Preview Assets.xcassets in Resources */ = {isa = PBXBuildFile; fileRef = A72A90AF2767F61300CB7F87 /* Preview Assets.xcassets */; };
		A72A90BC2767F61300CB7F87 /* VentureBookAppClipTests.swift in Sources */ = {isa = PBXBuildFile; fileRef = A72A90BB2767F61300CB7F87 /* VentureBookAppClipTests.swift */; };
		A72A90C62767F61300CB7F87 /* VentureBookAppClipUITests.swift in Sources */ = {isa = PBXBuildFile; fileRef = A72A90C52767F61300CB7F87 /* VentureBookAppClipUITests.swift */; };
		A72A90C82767F61300CB7F87 /* VentureBookAppClipUITestsLaunchTests.swift in Sources */ = {isa = PBXBuildFile; fileRef = A72A90C72767F61300CB7F87 /* VentureBookAppClipUITestsLaunchTests.swift */; };
		A72A90CB2767F61300CB7F87 /* VentureBookAppClip.app in Embed App Clips */ = {isa = PBXBuildFile; fileRef = A72A90A62767F60F00CB7F87 /* VentureBookAppClip.app */; settings = {ATTRIBUTES = (RemoveHeadersOnCopy, ); }; };
		A73D4DA2272CF01A00452ABA /* NoteMO.swift in Sources */ = {isa = PBXBuildFile; fileRef = A73D4DA1272CF01900452ABA /* NoteMO.swift */; };
		A765C6E6272CC3F6007D8C27 /* VentureBookApp.swift in Sources */ = {isa = PBXBuildFile; fileRef = A765C6E5272CC3F6007D8C27 /* VentureBookApp.swift */; };
		A765C6E8272CC3F6007D8C27 /* ContentView.swift in Sources */ = {isa = PBXBuildFile; fileRef = A765C6E7272CC3F6007D8C27 /* ContentView.swift */; };
		A765C6EA272CC3F7007D8C27 /* Assets.xcassets in Resources */ = {isa = PBXBuildFile; fileRef = A765C6E9272CC3F7007D8C27 /* Assets.xcassets */; };
		A765C6ED272CC3F7007D8C27 /* Preview Assets.xcassets in Resources */ = {isa = PBXBuildFile; fileRef = A765C6EC272CC3F7007D8C27 /* Preview Assets.xcassets */; };
		A765C6F8272CC3F7007D8C27 /* VentureBookTests.swift in Sources */ = {isa = PBXBuildFile; fileRef = A765C6F7272CC3F7007D8C27 /* VentureBookTests.swift */; };
		A765C703272CC3F7007D8C27 /* VentureBookUITests.swift in Sources */ = {isa = PBXBuildFile; fileRef = A765C702272CC3F7007D8C27 /* VentureBookUITests.swift */; };
		A765C712272CD440007D8C27 /* CoreData.xcdatamodeld in Sources */ = {isa = PBXBuildFile; fileRef = A765C710272CD440007D8C27 /* CoreData.xcdatamodeld */; };
		A765C719272CE950007D8C27 /* Note.swift in Sources */ = {isa = PBXBuildFile; fileRef = A765C718272CE950007D8C27 /* Note.swift */; };
		A766E26E272EFD8300FEC6BC /* Trip.swift in Sources */ = {isa = PBXBuildFile; fileRef = A766E26D272EFD8300FEC6BC /* Trip.swift */; };
		A766E270272EFE6500FEC6BC /* TripMO.swift in Sources */ = {isa = PBXBuildFile; fileRef = A766E26F272EFE6500FEC6BC /* TripMO.swift */; };
		A766E272272EFF0C00FEC6BC /* TripCDBHelper.swift in Sources */ = {isa = PBXBuildFile; fileRef = A766E271272EFF0C00FEC6BC /* TripCDBHelper.swift */; };
		A767CFFC274309C2006DE73B /* MyNotes.swift in Sources */ = {isa = PBXBuildFile; fileRef = A767CFFB274309C2006DE73B /* MyNotes.swift */; };
		A770000B27375A5E004EF3DD /* AddNote.swift in Sources */ = {isa = PBXBuildFile; fileRef = A770000A27375A5E004EF3DD /* AddNote.swift */; };
		A77033F7272DA1D4007ACD17 /* NoteCDBHelper.swift in Sources */ = {isa = PBXBuildFile; fileRef = A77033F6272DA1D4007ACD17 /* NoteCDBHelper.swift */; };
		A77033F9272DA2E2007ACD17 /* Persistence.swift in Sources */ = {isa = PBXBuildFile; fileRef = A77033F8272DA2E2007ACD17 /* Persistence.swift */; };
		A7715959273B6E9200329FD3 /* LocationHelper.swift in Sources */ = {isa = PBXBuildFile; fileRef = A7715958273B6E9200329FD3 /* LocationHelper.swift */; };
		A7CE680A27405FD2008144FF /* CameraPicker.swift in Sources */ = {isa = PBXBuildFile; fileRef = A7CE680927405FD2008144FF /* CameraPicker.swift */; };
		A7CE680C27406021008144FF /* LibraryPicker.swift in Sources */ = {isa = PBXBuildFile; fileRef = A7CE680B27406021008144FF /* LibraryPicker.swift */; };
		A7F12AA9275D29D50034D5C2 /* EditNote.swift in Sources */ = {isa = PBXBuildFile; fileRef = A7F12AA8275D29D50034D5C2 /* EditNote.swift */; };
		C832244B6C4DA2147B5E0526 /* Pods_VentureBookTests.framework in Frameworks */ = {isa = PBXBuildFile; fileRef = 601758E085A96779032C72F6 /* Pods_VentureBookTests.framework */; };
		D435F3E52759C3910092206C /* MapView.swift in Sources */ = {isa = PBXBuildFile; fileRef = D435F3E42759C3910092206C /* MapView.swift */; };
		D4C210ED276813F000BBD806 /* FirebaseMap.swift in Sources */ = {isa = PBXBuildFile; fileRef = D4C210EC276813F000BBD806 /* FirebaseMap.swift */; };
		D4D43066274C76EB00C55EF1 /* waves.mp3 in Resources */ = {isa = PBXBuildFile; fileRef = D4D43065274C76EB00C55EF1 /* waves.mp3 */; };
		D4D43068274C77B800C55EF1 /* Extensions.swift in Sources */ = {isa = PBXBuildFile; fileRef = D4D43067274C77B800C55EF1 /* Extensions.swift */; };
		D4D4306A274C8F7300C55EF1 /* MusicPlayer.swift in Sources */ = {isa = PBXBuildFile; fileRef = D4D43069274C8F7300C55EF1 /* MusicPlayer.swift */; };
		F569036070335FCF9C11DEF4 /* Pods_VentureBook_VentureBookUITests.framework in Frameworks */ = {isa = PBXBuildFile; fileRef = 3116EE8FA06E6580CD8D8FD3 /* Pods_VentureBook_VentureBookUITests.framework */; };
/* End PBXBuildFile section */

/* Begin PBXContainerItemProxy section */
		A72A90B82767F61300CB7F87 /* PBXContainerItemProxy */ = {
			isa = PBXContainerItemProxy;
			containerPortal = A765C6DA272CC3F6007D8C27 /* Project object */;
			proxyType = 1;
			remoteGlobalIDString = A72A90A52767F60F00CB7F87;
			remoteInfo = VentureBookAppClip;
		};
		A72A90C22767F61300CB7F87 /* PBXContainerItemProxy */ = {
			isa = PBXContainerItemProxy;
			containerPortal = A765C6DA272CC3F6007D8C27 /* Project object */;
			proxyType = 1;
			remoteGlobalIDString = A72A90A52767F60F00CB7F87;
			remoteInfo = VentureBookAppClip;
		};
		A72A90C92767F61300CB7F87 /* PBXContainerItemProxy */ = {
			isa = PBXContainerItemProxy;
			containerPortal = A765C6DA272CC3F6007D8C27 /* Project object */;
			proxyType = 1;
			remoteGlobalIDString = A72A90A52767F60F00CB7F87;
			remoteInfo = VentureBookAppClip;
		};
		A765C6F4272CC3F7007D8C27 /* PBXContainerItemProxy */ = {
			isa = PBXContainerItemProxy;
			containerPortal = A765C6DA272CC3F6007D8C27 /* Project object */;
			proxyType = 1;
			remoteGlobalIDString = A765C6E1272CC3F6007D8C27;
			remoteInfo = VentureBook;
		};
		A765C6FF272CC3F7007D8C27 /* PBXContainerItemProxy */ = {
			isa = PBXContainerItemProxy;
			containerPortal = A765C6DA272CC3F6007D8C27 /* Project object */;
			proxyType = 1;
			remoteGlobalIDString = A765C6E1272CC3F6007D8C27;
			remoteInfo = VentureBook;
		};
/* End PBXContainerItemProxy section */

/* Begin PBXCopyFilesBuildPhase section */
		A72A90CC2767F61300CB7F87 /* Embed App Clips */ = {
			isa = PBXCopyFilesBuildPhase;
			buildActionMask = 2147483647;
			dstPath = "$(CONTENTS_FOLDER_PATH)/AppClips";
			dstSubfolderSpec = 16;
			files = (
				A72A90CB2767F61300CB7F87 /* VentureBookAppClip.app in Embed App Clips */,
			);
			name = "Embed App Clips";
			runOnlyForDeploymentPostprocessing = 0;
		};
/* End PBXCopyFilesBuildPhase section */

/* Begin PBXFileReference section */
		03621AF6954504F95ACE04FB /* Pods-VentureBookTests.debug.xcconfig */ = {isa = PBXFileReference; includeInIndex = 1; lastKnownFileType = text.xcconfig; name = "Pods-VentureBookTests.debug.xcconfig"; path = "Target Support Files/Pods-VentureBookTests/Pods-VentureBookTests.debug.xcconfig"; sourceTree = "<group>"; };
		091CF771273C61740061DB02 /* FireDBHelper.swift */ = {isa = PBXFileReference; lastKnownFileType = sourcecode.swift; path = FireDBHelper.swift; sourceTree = "<group>"; };
		095F09452740529B00F3FA92 /* GoogleService-Info.plist */ = {isa = PBXFileReference; fileEncoding = 4; lastKnownFileType = text.plist.xml; path = "GoogleService-Info.plist"; sourceTree = "<group>"; };
		0988582B2752FBEC00D01808 /* NoteDetails.swift */ = {isa = PBXFileReference; lastKnownFileType = sourcecode.swift; path = NoteDetails.swift; sourceTree = "<group>"; };
		1E1D01ED66E6F282D83199B7 /* Pods-VentureBook-VentureBookUITests.debug.xcconfig */ = {isa = PBXFileReference; includeInIndex = 1; lastKnownFileType = text.xcconfig; name = "Pods-VentureBook-VentureBookUITests.debug.xcconfig"; path = "Target Support Files/Pods-VentureBook-VentureBookUITests/Pods-VentureBook-VentureBookUITests.debug.xcconfig"; sourceTree = "<group>"; };
		3116EE8FA06E6580CD8D8FD3 /* Pods_VentureBook_VentureBookUITests.framework */ = {isa = PBXFileReference; explicitFileType = wrapper.framework; includeInIndex = 0; path = Pods_VentureBook_VentureBookUITests.framework; sourceTree = BUILT_PRODUCTS_DIR; };
		33FFA7329D244AB9C16BD94C /* Pods-VentureBook.debug.xcconfig */ = {isa = PBXFileReference; includeInIndex = 1; lastKnownFileType = text.xcconfig; name = "Pods-VentureBook.debug.xcconfig"; path = "Target Support Files/Pods-VentureBook/Pods-VentureBook.debug.xcconfig"; sourceTree = "<group>"; };
		3715282AEE7086A1104FD20A /* Pods-VentureBook.release.xcconfig */ = {isa = PBXFileReference; includeInIndex = 1; lastKnownFileType = text.xcconfig; name = "Pods-VentureBook.release.xcconfig"; path = "Target Support Files/Pods-VentureBook/Pods-VentureBook.release.xcconfig"; sourceTree = "<group>"; };
		601758E085A96779032C72F6 /* Pods_VentureBookTests.framework */ = {isa = PBXFileReference; explicitFileType = wrapper.framework; includeInIndex = 0; path = Pods_VentureBookTests.framework; sourceTree = BUILT_PRODUCTS_DIR; };
		648061E1B1FE6B9553BBE5BD /* Pods_VentureBook.framework */ = {isa = PBXFileReference; explicitFileType = wrapper.framework; includeInIndex = 0; path = Pods_VentureBook.framework; sourceTree = BUILT_PRODUCTS_DIR; };
		7299A19473DA5676D7473AF3 /* Pods-VentureBook-VentureBookUITests.release.xcconfig */ = {isa = PBXFileReference; includeInIndex = 1; lastKnownFileType = text.xcconfig; name = "Pods-VentureBook-VentureBookUITests.release.xcconfig"; path = "Target Support Files/Pods-VentureBook-VentureBookUITests/Pods-VentureBook-VentureBookUITests.release.xcconfig"; sourceTree = "<group>"; };
		A72A90A62767F60F00CB7F87 /* VentureBookAppClip.app */ = {isa = PBXFileReference; explicitFileType = wrapper.application; includeInIndex = 0; path = VentureBookAppClip.app; sourceTree = BUILT_PRODUCTS_DIR; };
		A72A90A82767F60F00CB7F87 /* VentureBookAppClipApp.swift */ = {isa = PBXFileReference; lastKnownFileType = sourcecode.swift; path = VentureBookAppClipApp.swift; sourceTree = "<group>"; };
		A72A90AA2767F60F00CB7F87 /* ContentView.swift */ = {isa = PBXFileReference; lastKnownFileType = sourcecode.swift; path = ContentView.swift; sourceTree = "<group>"; };
		A72A90AC2767F61300CB7F87 /* Assets.xcassets */ = {isa = PBXFileReference; lastKnownFileType = folder.assetcatalog; path = Assets.xcassets; sourceTree = "<group>"; };
		A72A90AF2767F61300CB7F87 /* Preview Assets.xcassets */ = {isa = PBXFileReference; lastKnownFileType = folder.assetcatalog; path = "Preview Assets.xcassets"; sourceTree = "<group>"; };
		A72A90B12767F61300CB7F87 /* Info.plist */ = {isa = PBXFileReference; lastKnownFileType = text.plist.xml; path = Info.plist; sourceTree = "<group>"; };
		A72A90B22767F61300CB7F87 /* VentureBookAppClip.entitlements */ = {isa = PBXFileReference; lastKnownFileType = text.plist.entitlements; path = VentureBookAppClip.entitlements; sourceTree = "<group>"; };
		A72A90B72767F61300CB7F87 /* VentureBookAppClipTests.xctest */ = {isa = PBXFileReference; explicitFileType = wrapper.cfbundle; includeInIndex = 0; path = VentureBookAppClipTests.xctest; sourceTree = BUILT_PRODUCTS_DIR; };
		A72A90BB2767F61300CB7F87 /* VentureBookAppClipTests.swift */ = {isa = PBXFileReference; lastKnownFileType = sourcecode.swift; path = VentureBookAppClipTests.swift; sourceTree = "<group>"; };
		A72A90C12767F61300CB7F87 /* VentureBookAppClipUITests.xctest */ = {isa = PBXFileReference; explicitFileType = wrapper.cfbundle; includeInIndex = 0; path = VentureBookAppClipUITests.xctest; sourceTree = BUILT_PRODUCTS_DIR; };
		A72A90C52767F61300CB7F87 /* VentureBookAppClipUITests.swift */ = {isa = PBXFileReference; lastKnownFileType = sourcecode.swift; path = VentureBookAppClipUITests.swift; sourceTree = "<group>"; };
		A72A90C72767F61300CB7F87 /* VentureBookAppClipUITestsLaunchTests.swift */ = {isa = PBXFileReference; lastKnownFileType = sourcecode.swift; path = VentureBookAppClipUITestsLaunchTests.swift; sourceTree = "<group>"; };
		A73D4DA1272CF01900452ABA /* NoteMO.swift */ = {isa = PBXFileReference; lastKnownFileType = sourcecode.swift; path = NoteMO.swift; sourceTree = "<group>"; };
		A765C6E2272CC3F6007D8C27 /* VentureBook.app */ = {isa = PBXFileReference; explicitFileType = wrapper.application; includeInIndex = 0; path = VentureBook.app; sourceTree = BUILT_PRODUCTS_DIR; };
		A765C6E5272CC3F6007D8C27 /* VentureBookApp.swift */ = {isa = PBXFileReference; lastKnownFileType = sourcecode.swift; path = VentureBookApp.swift; sourceTree = "<group>"; };
		A765C6E7272CC3F6007D8C27 /* ContentView.swift */ = {isa = PBXFileReference; lastKnownFileType = sourcecode.swift; path = ContentView.swift; sourceTree = "<group>"; };
		A765C6E9272CC3F7007D8C27 /* Assets.xcassets */ = {isa = PBXFileReference; lastKnownFileType = folder.assetcatalog; path = Assets.xcassets; sourceTree = "<group>"; };
		A765C6EC272CC3F7007D8C27 /* Preview Assets.xcassets */ = {isa = PBXFileReference; lastKnownFileType = folder.assetcatalog; path = "Preview Assets.xcassets"; sourceTree = "<group>"; };
		A765C6EE272CC3F7007D8C27 /* Info.plist */ = {isa = PBXFileReference; lastKnownFileType = text.plist.xml; path = Info.plist; sourceTree = "<group>"; };
		A765C6F3272CC3F7007D8C27 /* VentureBookTests.xctest */ = {isa = PBXFileReference; explicitFileType = wrapper.cfbundle; includeInIndex = 0; path = VentureBookTests.xctest; sourceTree = BUILT_PRODUCTS_DIR; };
		A765C6F7272CC3F7007D8C27 /* VentureBookTests.swift */ = {isa = PBXFileReference; lastKnownFileType = sourcecode.swift; path = VentureBookTests.swift; sourceTree = "<group>"; };
		A765C6F9272CC3F7007D8C27 /* Info.plist */ = {isa = PBXFileReference; lastKnownFileType = text.plist.xml; path = Info.plist; sourceTree = "<group>"; };
		A765C6FE272CC3F7007D8C27 /* VentureBookUITests.xctest */ = {isa = PBXFileReference; explicitFileType = wrapper.cfbundle; includeInIndex = 0; path = VentureBookUITests.xctest; sourceTree = BUILT_PRODUCTS_DIR; };
		A765C702272CC3F7007D8C27 /* VentureBookUITests.swift */ = {isa = PBXFileReference; lastKnownFileType = sourcecode.swift; path = VentureBookUITests.swift; sourceTree = "<group>"; };
		A765C704272CC3F7007D8C27 /* Info.plist */ = {isa = PBXFileReference; lastKnownFileType = text.plist.xml; path = Info.plist; sourceTree = "<group>"; };
		A765C711272CD440007D8C27 /* CoreData.xcdatamodel */ = {isa = PBXFileReference; lastKnownFileType = wrapper.xcdatamodel; path = CoreData.xcdatamodel; sourceTree = "<group>"; };
		A765C718272CE950007D8C27 /* Note.swift */ = {isa = PBXFileReference; lastKnownFileType = sourcecode.swift; path = Note.swift; sourceTree = "<group>"; };
		A766E26D272EFD8300FEC6BC /* Trip.swift */ = {isa = PBXFileReference; lastKnownFileType = sourcecode.swift; path = Trip.swift; sourceTree = "<group>"; };
		A766E26F272EFE6500FEC6BC /* TripMO.swift */ = {isa = PBXFileReference; lastKnownFileType = sourcecode.swift; path = TripMO.swift; sourceTree = "<group>"; };
		A766E271272EFF0C00FEC6BC /* TripCDBHelper.swift */ = {isa = PBXFileReference; lastKnownFileType = sourcecode.swift; path = TripCDBHelper.swift; sourceTree = "<group>"; };
		A767CFFB274309C2006DE73B /* MyNotes.swift */ = {isa = PBXFileReference; lastKnownFileType = sourcecode.swift; path = MyNotes.swift; sourceTree = "<group>"; };
		A770000A27375A5E004EF3DD /* AddNote.swift */ = {isa = PBXFileReference; lastKnownFileType = sourcecode.swift; path = AddNote.swift; sourceTree = "<group>"; };
		A77033F6272DA1D4007ACD17 /* NoteCDBHelper.swift */ = {isa = PBXFileReference; lastKnownFileType = sourcecode.swift; path = NoteCDBHelper.swift; sourceTree = "<group>"; };
		A77033F8272DA2E2007ACD17 /* Persistence.swift */ = {isa = PBXFileReference; lastKnownFileType = sourcecode.swift; path = Persistence.swift; sourceTree = "<group>"; };
		A7715958273B6E9200329FD3 /* LocationHelper.swift */ = {isa = PBXFileReference; lastKnownFileType = sourcecode.swift; path = LocationHelper.swift; sourceTree = "<group>"; };
		A7CE680927405FD2008144FF /* CameraPicker.swift */ = {isa = PBXFileReference; lastKnownFileType = sourcecode.swift; path = CameraPicker.swift; sourceTree = "<group>"; };
		A7CE680B27406021008144FF /* LibraryPicker.swift */ = {isa = PBXFileReference; lastKnownFileType = sourcecode.swift; path = LibraryPicker.swift; sourceTree = "<group>"; };
		A7F12AA8275D29D50034D5C2 /* EditNote.swift */ = {isa = PBXFileReference; lastKnownFileType = sourcecode.swift; path = EditNote.swift; sourceTree = "<group>"; };
		D435F3E42759C3910092206C /* MapView.swift */ = {isa = PBXFileReference; lastKnownFileType = sourcecode.swift; path = MapView.swift; sourceTree = "<group>"; };
		D4C210EC276813F000BBD806 /* FirebaseMap.swift */ = {isa = PBXFileReference; lastKnownFileType = sourcecode.swift; path = FirebaseMap.swift; sourceTree = "<group>"; };
		D4D43065274C76EB00C55EF1 /* waves.mp3 */ = {isa = PBXFileReference; lastKnownFileType = audio.mp3; path = waves.mp3; sourceTree = "<group>"; };
		D4D43067274C77B800C55EF1 /* Extensions.swift */ = {isa = PBXFileReference; lastKnownFileType = sourcecode.swift; path = Extensions.swift; sourceTree = "<group>"; };
		D4D43069274C8F7300C55EF1 /* MusicPlayer.swift */ = {isa = PBXFileReference; lastKnownFileType = sourcecode.swift; path = MusicPlayer.swift; sourceTree = "<group>"; };
		DA2BC764F8B226305B08F790 /* Pods-VentureBookTests.release.xcconfig */ = {isa = PBXFileReference; includeInIndex = 1; lastKnownFileType = text.xcconfig; name = "Pods-VentureBookTests.release.xcconfig"; path = "Target Support Files/Pods-VentureBookTests/Pods-VentureBookTests.release.xcconfig"; sourceTree = "<group>"; };
/* End PBXFileReference section */

/* Begin PBXFrameworksBuildPhase section */
		A72A90A32767F60F00CB7F87 /* Frameworks */ = {
			isa = PBXFrameworksBuildPhase;
			buildActionMask = 2147483647;
			files = (
			);
			runOnlyForDeploymentPostprocessing = 0;
		};
		A72A90B42767F61300CB7F87 /* Frameworks */ = {
			isa = PBXFrameworksBuildPhase;
			buildActionMask = 2147483647;
			files = (
			);
			runOnlyForDeploymentPostprocessing = 0;
		};
		A72A90BE2767F61300CB7F87 /* Frameworks */ = {
			isa = PBXFrameworksBuildPhase;
			buildActionMask = 2147483647;
			files = (
			);
			runOnlyForDeploymentPostprocessing = 0;
		};
		A765C6DF272CC3F6007D8C27 /* Frameworks */ = {
			isa = PBXFrameworksBuildPhase;
			buildActionMask = 2147483647;
			files = (
				633C1D5BBCD4618ADC79A345 /* Pods_VentureBook.framework in Frameworks */,
			);
			runOnlyForDeploymentPostprocessing = 0;
		};
		A765C6F0272CC3F7007D8C27 /* Frameworks */ = {
			isa = PBXFrameworksBuildPhase;
			buildActionMask = 2147483647;
			files = (
				C832244B6C4DA2147B5E0526 /* Pods_VentureBookTests.framework in Frameworks */,
			);
			runOnlyForDeploymentPostprocessing = 0;
		};
		A765C6FB272CC3F7007D8C27 /* Frameworks */ = {
			isa = PBXFrameworksBuildPhase;
			buildActionMask = 2147483647;
			files = (
				F569036070335FCF9C11DEF4 /* Pods_VentureBook_VentureBookUITests.framework in Frameworks */,
			);
			runOnlyForDeploymentPostprocessing = 0;
		};
/* End PBXFrameworksBuildPhase section */

/* Begin PBXGroup section */
		60C91E876CAC0A980AC4CA40 /* Pods */ = {
			isa = PBXGroup;
			children = (
				33FFA7329D244AB9C16BD94C /* Pods-VentureBook.debug.xcconfig */,
				3715282AEE7086A1104FD20A /* Pods-VentureBook.release.xcconfig */,
				1E1D01ED66E6F282D83199B7 /* Pods-VentureBook-VentureBookUITests.debug.xcconfig */,
				7299A19473DA5676D7473AF3 /* Pods-VentureBook-VentureBookUITests.release.xcconfig */,
				03621AF6954504F95ACE04FB /* Pods-VentureBookTests.debug.xcconfig */,
				DA2BC764F8B226305B08F790 /* Pods-VentureBookTests.release.xcconfig */,
			);
			path = Pods;
			sourceTree = "<group>";
		};
		A72A90A72767F60F00CB7F87 /* VentureBookAppClip */ = {
			isa = PBXGroup;
			children = (
				A72A90A82767F60F00CB7F87 /* VentureBookAppClipApp.swift */,
				A72A90AA2767F60F00CB7F87 /* ContentView.swift */,
				A72A90AC2767F61300CB7F87 /* Assets.xcassets */,
				A72A90B12767F61300CB7F87 /* Info.plist */,
				A72A90B22767F61300CB7F87 /* VentureBookAppClip.entitlements */,
				A72A90AE2767F61300CB7F87 /* Preview Content */,
			);
			path = VentureBookAppClip;
			sourceTree = "<group>";
		};
		A72A90AE2767F61300CB7F87 /* Preview Content */ = {
			isa = PBXGroup;
			children = (
				A72A90AF2767F61300CB7F87 /* Preview Assets.xcassets */,
			);
			path = "Preview Content";
			sourceTree = "<group>";
		};
		A72A90BA2767F61300CB7F87 /* VentureBookAppClipTests */ = {
			isa = PBXGroup;
			children = (
				A72A90BB2767F61300CB7F87 /* VentureBookAppClipTests.swift */,
			);
			path = VentureBookAppClipTests;
			sourceTree = "<group>";
		};
		A72A90C42767F61300CB7F87 /* VentureBookAppClipUITests */ = {
			isa = PBXGroup;
			children = (
				A72A90C52767F61300CB7F87 /* VentureBookAppClipUITests.swift */,
				A72A90C72767F61300CB7F87 /* VentureBookAppClipUITestsLaunchTests.swift */,
			);
			path = VentureBookAppClipUITests;
			sourceTree = "<group>";
		};
		A73D4D9E272CEF3000452ABA /* Helpers */ = {
			isa = PBXGroup;
			children = (
				A77033F6272DA1D4007ACD17 /* NoteCDBHelper.swift */,
				A766E271272EFF0C00FEC6BC /* TripCDBHelper.swift */,
				A7715958273B6E9200329FD3 /* LocationHelper.swift */,
				091CF771273C61740061DB02 /* FireDBHelper.swift */,
				A7CE680927405FD2008144FF /* CameraPicker.swift */,
				A7CE680B27406021008144FF /* LibraryPicker.swift */,
			);
			path = Helpers;
			sourceTree = "<group>";
		};
		A765C6D9272CC3F6007D8C27 = {
			isa = PBXGroup;
			children = (
				D4D43065274C76EB00C55EF1 /* waves.mp3 */,
				A765C6E4272CC3F6007D8C27 /* VentureBook */,
				A72A90A72767F60F00CB7F87 /* VentureBookAppClip */,
				A765C6F6272CC3F7007D8C27 /* VentureBookTests */,
				A765C701272CC3F7007D8C27 /* VentureBookUITests */,
				A72A90BA2767F61300CB7F87 /* VentureBookAppClipTests */,
				A72A90C42767F61300CB7F87 /* VentureBookAppClipUITests */,
				A765C6E3272CC3F6007D8C27 /* Products */,
				60C91E876CAC0A980AC4CA40 /* Pods */,
				B5005035EDF87054999C7C92 /* Frameworks */,
			);
			sourceTree = "<group>";
		};
		A765C6E3272CC3F6007D8C27 /* Products */ = {
			isa = PBXGroup;
			children = (
				A765C6E2272CC3F6007D8C27 /* VentureBook.app */,
				A765C6F3272CC3F7007D8C27 /* VentureBookTests.xctest */,
				A765C6FE272CC3F7007D8C27 /* VentureBookUITests.xctest */,
				A72A90A62767F60F00CB7F87 /* VentureBookAppClip.app */,
				A72A90B72767F61300CB7F87 /* VentureBookAppClipTests.xctest */,
				A72A90C12767F61300CB7F87 /* VentureBookAppClipUITests.xctest */,
			);
			name = Products;
			sourceTree = "<group>";
		};
		A765C6E4272CC3F6007D8C27 /* VentureBook */ = {
			isa = PBXGroup;
			children = (
				095F09452740529B00F3FA92 /* GoogleService-Info.plist */,
				A7700007273758AB004EF3DD /* Views */,
				A73D4D9E272CEF3000452ABA /* Helpers */,
				A765C713272CD47C007D8C27 /* Models */,
				A765C6E5272CC3F6007D8C27 /* VentureBookApp.swift */,
				A765C6E9272CC3F7007D8C27 /* Assets.xcassets */,
				A765C6EE272CC3F7007D8C27 /* Info.plist */,
				A765C6EB272CC3F7007D8C27 /* Preview Content */,
				A77033F8272DA2E2007ACD17 /* Persistence.swift */,
			);
			path = VentureBook;
			sourceTree = "<group>";
		};
		A765C6EB272CC3F7007D8C27 /* Preview Content */ = {
			isa = PBXGroup;
			children = (
				A765C6EC272CC3F7007D8C27 /* Preview Assets.xcassets */,
			);
			path = "Preview Content";
			sourceTree = "<group>";
		};
		A765C6F6272CC3F7007D8C27 /* VentureBookTests */ = {
			isa = PBXGroup;
			children = (
				A765C6F7272CC3F7007D8C27 /* VentureBookTests.swift */,
				A765C6F9272CC3F7007D8C27 /* Info.plist */,
			);
			path = VentureBookTests;
			sourceTree = "<group>";
		};
		A765C701272CC3F7007D8C27 /* VentureBookUITests */ = {
			isa = PBXGroup;
			children = (
				A765C702272CC3F7007D8C27 /* VentureBookUITests.swift */,
				A765C704272CC3F7007D8C27 /* Info.plist */,
			);
			path = VentureBookUITests;
			sourceTree = "<group>";
		};
		A765C713272CD47C007D8C27 /* Models */ = {
			isa = PBXGroup;
			children = (
				A765C710272CD440007D8C27 /* CoreData.xcdatamodeld */,
				A765C718272CE950007D8C27 /* Note.swift */,
				A73D4DA1272CF01900452ABA /* NoteMO.swift */,
				A766E26D272EFD8300FEC6BC /* Trip.swift */,
				A766E26F272EFE6500FEC6BC /* TripMO.swift */,
			);
			path = Models;
			sourceTree = "<group>";
		};
		A7700007273758AB004EF3DD /* Views */ = {
			isa = PBXGroup;
			children = (
				A765C6E7272CC3F6007D8C27 /* ContentView.swift */,
				A770000A27375A5E004EF3DD /* AddNote.swift */,
				A767CFFB274309C2006DE73B /* MyNotes.swift */,
				D4D43067274C77B800C55EF1 /* Extensions.swift */,
				D4D43069274C8F7300C55EF1 /* MusicPlayer.swift */,
				0988582B2752FBEC00D01808 /* NoteDetails.swift */,
				D435F3E42759C3910092206C /* MapView.swift */,
				A7F12AA8275D29D50034D5C2 /* EditNote.swift */,
				D4C210EC276813F000BBD806 /* FirebaseMap.swift */,
			);
			path = Views;
			sourceTree = "<group>";
		};
		B5005035EDF87054999C7C92 /* Frameworks */ = {
			isa = PBXGroup;
			children = (
				648061E1B1FE6B9553BBE5BD /* Pods_VentureBook.framework */,
				3116EE8FA06E6580CD8D8FD3 /* Pods_VentureBook_VentureBookUITests.framework */,
				601758E085A96779032C72F6 /* Pods_VentureBookTests.framework */,
			);
			name = Frameworks;
			sourceTree = "<group>";
		};
/* End PBXGroup section */

/* Begin PBXNativeTarget section */
		A72A90A52767F60F00CB7F87 /* VentureBookAppClip */ = {
			isa = PBXNativeTarget;
			buildConfigurationList = A72A90D32767F61300CB7F87 /* Build configuration list for PBXNativeTarget "VentureBookAppClip" */;
			buildPhases = (
				A72A90A22767F60F00CB7F87 /* Sources */,
				A72A90A32767F60F00CB7F87 /* Frameworks */,
				A72A90A42767F60F00CB7F87 /* Resources */,
			);
			buildRules = (
			);
			dependencies = (
			);
			name = VentureBookAppClip;
			productName = VentureBookAppClip;
			productReference = A72A90A62767F60F00CB7F87 /* VentureBookAppClip.app */;
			productType = "com.apple.product-type.application.on-demand-install-capable";
		};
		A72A90B62767F61300CB7F87 /* VentureBookAppClipTests */ = {
			isa = PBXNativeTarget;
			buildConfigurationList = A72A90D42767F61300CB7F87 /* Build configuration list for PBXNativeTarget "VentureBookAppClipTests" */;
			buildPhases = (
				A72A90B32767F61300CB7F87 /* Sources */,
				A72A90B42767F61300CB7F87 /* Frameworks */,
				A72A90B52767F61300CB7F87 /* Resources */,
			);
			buildRules = (
			);
			dependencies = (
				A72A90B92767F61300CB7F87 /* PBXTargetDependency */,
			);
			name = VentureBookAppClipTests;
			productName = VentureBookAppClipTests;
			productReference = A72A90B72767F61300CB7F87 /* VentureBookAppClipTests.xctest */;
			productType = "com.apple.product-type.bundle.unit-test";
		};
		A72A90C02767F61300CB7F87 /* VentureBookAppClipUITests */ = {
			isa = PBXNativeTarget;
			buildConfigurationList = A72A90D52767F61300CB7F87 /* Build configuration list for PBXNativeTarget "VentureBookAppClipUITests" */;
			buildPhases = (
				A72A90BD2767F61300CB7F87 /* Sources */,
				A72A90BE2767F61300CB7F87 /* Frameworks */,
				A72A90BF2767F61300CB7F87 /* Resources */,
			);
			buildRules = (
			);
			dependencies = (
				A72A90C32767F61300CB7F87 /* PBXTargetDependency */,
			);
			name = VentureBookAppClipUITests;
			productName = VentureBookAppClipUITests;
			productReference = A72A90C12767F61300CB7F87 /* VentureBookAppClipUITests.xctest */;
			productType = "com.apple.product-type.bundle.ui-testing";
		};
		A765C6E1272CC3F6007D8C27 /* VentureBook */ = {
			isa = PBXNativeTarget;
			buildConfigurationList = A765C707272CC3F7007D8C27 /* Build configuration list for PBXNativeTarget "VentureBook" */;
			buildPhases = (
				2FAD86E847E57A8449EAE615 /* [CP] Check Pods Manifest.lock */,
				A765C6DE272CC3F6007D8C27 /* Sources */,
				A765C6DF272CC3F6007D8C27 /* Frameworks */,
				A765C6E0272CC3F6007D8C27 /* Resources */,
				E3214E0BF3CE82312A46AF15 /* [CP] Embed Pods Frameworks */,
				A72A90CC2767F61300CB7F87 /* Embed App Clips */,
			);
			buildRules = (
			);
			dependencies = (
				A72A90CA2767F61300CB7F87 /* PBXTargetDependency */,
			);
			name = VentureBook;
			productName = VentureBook;
			productReference = A765C6E2272CC3F6007D8C27 /* VentureBook.app */;
			productType = "com.apple.product-type.application";
		};
		A765C6F2272CC3F7007D8C27 /* VentureBookTests */ = {
			isa = PBXNativeTarget;
			buildConfigurationList = A765C70A272CC3F7007D8C27 /* Build configuration list for PBXNativeTarget "VentureBookTests" */;
			buildPhases = (
				2863BDF31A0D20C02CE37FB9 /* [CP] Check Pods Manifest.lock */,
				A765C6EF272CC3F7007D8C27 /* Sources */,
				A765C6F0272CC3F7007D8C27 /* Frameworks */,
				A765C6F1272CC3F7007D8C27 /* Resources */,
			);
			buildRules = (
			);
			dependencies = (
				A765C6F5272CC3F7007D8C27 /* PBXTargetDependency */,
			);
			name = VentureBookTests;
			productName = VentureBookTests;
			productReference = A765C6F3272CC3F7007D8C27 /* VentureBookTests.xctest */;
			productType = "com.apple.product-type.bundle.unit-test";
		};
		A765C6FD272CC3F7007D8C27 /* VentureBookUITests */ = {
			isa = PBXNativeTarget;
			buildConfigurationList = A765C70D272CC3F7007D8C27 /* Build configuration list for PBXNativeTarget "VentureBookUITests" */;
			buildPhases = (
				6196341E7EBFD035F5AF1863 /* [CP] Check Pods Manifest.lock */,
				A765C6FA272CC3F7007D8C27 /* Sources */,
				A765C6FB272CC3F7007D8C27 /* Frameworks */,
				A765C6FC272CC3F7007D8C27 /* Resources */,
				B1F8A18F619244A9B92B3A89 /* [CP] Embed Pods Frameworks */,
			);
			buildRules = (
			);
			dependencies = (
				A765C700272CC3F7007D8C27 /* PBXTargetDependency */,
			);
			name = VentureBookUITests;
			productName = VentureBookUITests;
			productReference = A765C6FE272CC3F7007D8C27 /* VentureBookUITests.xctest */;
			productType = "com.apple.product-type.bundle.ui-testing";
		};
/* End PBXNativeTarget section */

/* Begin PBXProject section */
		A765C6DA272CC3F6007D8C27 /* Project object */ = {
			isa = PBXProject;
			attributes = {
				LastSwiftUpdateCheck = 1310;
				LastUpgradeCheck = 1250;
				TargetAttributes = {
					A72A90A52767F60F00CB7F87 = {
						CreatedOnToolsVersion = 13.1;
					};
					A72A90B62767F61300CB7F87 = {
						CreatedOnToolsVersion = 13.1;
						TestTargetID = A72A90A52767F60F00CB7F87;
					};
					A72A90C02767F61300CB7F87 = {
						CreatedOnToolsVersion = 13.1;
						TestTargetID = A72A90A52767F60F00CB7F87;
					};
					A765C6E1272CC3F6007D8C27 = {
						CreatedOnToolsVersion = 12.5.1;
					};
					A765C6F2272CC3F7007D8C27 = {
						CreatedOnToolsVersion = 12.5.1;
						TestTargetID = A765C6E1272CC3F6007D8C27;
					};
					A765C6FD272CC3F7007D8C27 = {
						CreatedOnToolsVersion = 12.5.1;
						TestTargetID = A765C6E1272CC3F6007D8C27;
					};
				};
			};
			buildConfigurationList = A765C6DD272CC3F6007D8C27 /* Build configuration list for PBXProject "VentureBook" */;
			compatibilityVersion = "Xcode 9.3";
			developmentRegion = en;
			hasScannedForEncodings = 0;
			knownRegions = (
				en,
				Base,
			);
			mainGroup = A765C6D9272CC3F6007D8C27;
			productRefGroup = A765C6E3272CC3F6007D8C27 /* Products */;
			projectDirPath = "";
			projectRoot = "";
			targets = (
				A765C6E1272CC3F6007D8C27 /* VentureBook */,
				A765C6F2272CC3F7007D8C27 /* VentureBookTests */,
				A765C6FD272CC3F7007D8C27 /* VentureBookUITests */,
				A72A90A52767F60F00CB7F87 /* VentureBookAppClip */,
				A72A90B62767F61300CB7F87 /* VentureBookAppClipTests */,
				A72A90C02767F61300CB7F87 /* VentureBookAppClipUITests */,
			);
		};
/* End PBXProject section */

/* Begin PBXResourcesBuildPhase section */
		A72A90A42767F60F00CB7F87 /* Resources */ = {
			isa = PBXResourcesBuildPhase;
			buildActionMask = 2147483647;
			files = (
				A72A90B02767F61300CB7F87 /* Preview Assets.xcassets in Resources */,
				A72A90AD2767F61300CB7F87 /* Assets.xcassets in Resources */,
			);
			runOnlyForDeploymentPostprocessing = 0;
		};
		A72A90B52767F61300CB7F87 /* Resources */ = {
			isa = PBXResourcesBuildPhase;
			buildActionMask = 2147483647;
			files = (
			);
			runOnlyForDeploymentPostprocessing = 0;
		};
		A72A90BF2767F61300CB7F87 /* Resources */ = {
			isa = PBXResourcesBuildPhase;
			buildActionMask = 2147483647;
			files = (
			);
			runOnlyForDeploymentPostprocessing = 0;
		};
		A765C6E0272CC3F6007D8C27 /* Resources */ = {
			isa = PBXResourcesBuildPhase;
			buildActionMask = 2147483647;
			files = (
				A765C6ED272CC3F7007D8C27 /* Preview Assets.xcassets in Resources */,
				D4D43066274C76EB00C55EF1 /* waves.mp3 in Resources */,
				A765C6EA272CC3F7007D8C27 /* Assets.xcassets in Resources */,
				095F09462740529B00F3FA92 /* GoogleService-Info.plist in Resources */,
			);
			runOnlyForDeploymentPostprocessing = 0;
		};
		A765C6F1272CC3F7007D8C27 /* Resources */ = {
			isa = PBXResourcesBuildPhase;
			buildActionMask = 2147483647;
			files = (
			);
			runOnlyForDeploymentPostprocessing = 0;
		};
		A765C6FC272CC3F7007D8C27 /* Resources */ = {
			isa = PBXResourcesBuildPhase;
			buildActionMask = 2147483647;
			files = (
			);
			runOnlyForDeploymentPostprocessing = 0;
		};
/* End PBXResourcesBuildPhase section */

/* Begin PBXShellScriptBuildPhase section */
		2863BDF31A0D20C02CE37FB9 /* [CP] Check Pods Manifest.lock */ = {
			isa = PBXShellScriptBuildPhase;
			buildActionMask = 2147483647;
			files = (
			);
			inputFileListPaths = (
			);
			inputPaths = (
				"${PODS_PODFILE_DIR_PATH}/Podfile.lock",
				"${PODS_ROOT}/Manifest.lock",
			);
			name = "[CP] Check Pods Manifest.lock";
			outputFileListPaths = (
			);
			outputPaths = (
				"$(DERIVED_FILE_DIR)/Pods-VentureBookTests-checkManifestLockResult.txt",
			);
			runOnlyForDeploymentPostprocessing = 0;
			shellPath = /bin/sh;
			shellScript = "diff \"${PODS_PODFILE_DIR_PATH}/Podfile.lock\" \"${PODS_ROOT}/Manifest.lock\" > /dev/null\nif [ $? != 0 ] ; then\n    # print error to STDERR\n    echo \"error: The sandbox is not in sync with the Podfile.lock. Run 'pod install' or update your CocoaPods installation.\" >&2\n    exit 1\nfi\n# This output is used by Xcode 'outputs' to avoid re-running this script phase.\necho \"SUCCESS\" > \"${SCRIPT_OUTPUT_FILE_0}\"\n";
			showEnvVarsInLog = 0;
		};
		2FAD86E847E57A8449EAE615 /* [CP] Check Pods Manifest.lock */ = {
			isa = PBXShellScriptBuildPhase;
			buildActionMask = 2147483647;
			files = (
			);
			inputFileListPaths = (
			);
			inputPaths = (
				"${PODS_PODFILE_DIR_PATH}/Podfile.lock",
				"${PODS_ROOT}/Manifest.lock",
			);
			name = "[CP] Check Pods Manifest.lock";
			outputFileListPaths = (
			);
			outputPaths = (
				"$(DERIVED_FILE_DIR)/Pods-VentureBook-checkManifestLockResult.txt",
			);
			runOnlyForDeploymentPostprocessing = 0;
			shellPath = /bin/sh;
			shellScript = "diff \"${PODS_PODFILE_DIR_PATH}/Podfile.lock\" \"${PODS_ROOT}/Manifest.lock\" > /dev/null\nif [ $? != 0 ] ; then\n    # print error to STDERR\n    echo \"error: The sandbox is not in sync with the Podfile.lock. Run 'pod install' or update your CocoaPods installation.\" >&2\n    exit 1\nfi\n# This output is used by Xcode 'outputs' to avoid re-running this script phase.\necho \"SUCCESS\" > \"${SCRIPT_OUTPUT_FILE_0}\"\n";
			showEnvVarsInLog = 0;
		};
		6196341E7EBFD035F5AF1863 /* [CP] Check Pods Manifest.lock */ = {
			isa = PBXShellScriptBuildPhase;
			buildActionMask = 2147483647;
			files = (
			);
			inputFileListPaths = (
			);
			inputPaths = (
				"${PODS_PODFILE_DIR_PATH}/Podfile.lock",
				"${PODS_ROOT}/Manifest.lock",
			);
			name = "[CP] Check Pods Manifest.lock";
			outputFileListPaths = (
			);
			outputPaths = (
				"$(DERIVED_FILE_DIR)/Pods-VentureBook-VentureBookUITests-checkManifestLockResult.txt",
			);
			runOnlyForDeploymentPostprocessing = 0;
			shellPath = /bin/sh;
			shellScript = "diff \"${PODS_PODFILE_DIR_PATH}/Podfile.lock\" \"${PODS_ROOT}/Manifest.lock\" > /dev/null\nif [ $? != 0 ] ; then\n    # print error to STDERR\n    echo \"error: The sandbox is not in sync with the Podfile.lock. Run 'pod install' or update your CocoaPods installation.\" >&2\n    exit 1\nfi\n# This output is used by Xcode 'outputs' to avoid re-running this script phase.\necho \"SUCCESS\" > \"${SCRIPT_OUTPUT_FILE_0}\"\n";
			showEnvVarsInLog = 0;
		};
		B1F8A18F619244A9B92B3A89 /* [CP] Embed Pods Frameworks */ = {
			isa = PBXShellScriptBuildPhase;
			buildActionMask = 2147483647;
			files = (
			);
			inputFileListPaths = (
				"${PODS_ROOT}/Target Support Files/Pods-VentureBook-VentureBookUITests/Pods-VentureBook-VentureBookUITests-frameworks-${CONFIGURATION}-input-files.xcfilelist",
			);
			name = "[CP] Embed Pods Frameworks";
			outputFileListPaths = (
				"${PODS_ROOT}/Target Support Files/Pods-VentureBook-VentureBookUITests/Pods-VentureBook-VentureBookUITests-frameworks-${CONFIGURATION}-output-files.xcfilelist",
			);
			runOnlyForDeploymentPostprocessing = 0;
			shellPath = /bin/sh;
			shellScript = "\"${PODS_ROOT}/Target Support Files/Pods-VentureBook-VentureBookUITests/Pods-VentureBook-VentureBookUITests-frameworks.sh\"\n";
			showEnvVarsInLog = 0;
		};
		E3214E0BF3CE82312A46AF15 /* [CP] Embed Pods Frameworks */ = {
			isa = PBXShellScriptBuildPhase;
			buildActionMask = 2147483647;
			files = (
			);
			inputFileListPaths = (
				"${PODS_ROOT}/Target Support Files/Pods-VentureBook/Pods-VentureBook-frameworks-${CONFIGURATION}-input-files.xcfilelist",
			);
			name = "[CP] Embed Pods Frameworks";
			outputFileListPaths = (
				"${PODS_ROOT}/Target Support Files/Pods-VentureBook/Pods-VentureBook-frameworks-${CONFIGURATION}-output-files.xcfilelist",
			);
			runOnlyForDeploymentPostprocessing = 0;
			shellPath = /bin/sh;
			shellScript = "\"${PODS_ROOT}/Target Support Files/Pods-VentureBook/Pods-VentureBook-frameworks.sh\"\n";
			showEnvVarsInLog = 0;
		};
/* End PBXShellScriptBuildPhase section */

/* Begin PBXSourcesBuildPhase section */
		A72A90A22767F60F00CB7F87 /* Sources */ = {
			isa = PBXSourcesBuildPhase;
			buildActionMask = 2147483647;
			files = (
				A72A90AB2767F60F00CB7F87 /* ContentView.swift in Sources */,
				A72A90A92767F60F00CB7F87 /* VentureBookAppClipApp.swift in Sources */,
			);
			runOnlyForDeploymentPostprocessing = 0;
		};
		A72A90B32767F61300CB7F87 /* Sources */ = {
			isa = PBXSourcesBuildPhase;
			buildActionMask = 2147483647;
			files = (
				A72A90BC2767F61300CB7F87 /* VentureBookAppClipTests.swift in Sources */,
			);
			runOnlyForDeploymentPostprocessing = 0;
		};
		A72A90BD2767F61300CB7F87 /* Sources */ = {
			isa = PBXSourcesBuildPhase;
			buildActionMask = 2147483647;
			files = (
				A72A90C62767F61300CB7F87 /* VentureBookAppClipUITests.swift in Sources */,
				A72A90C82767F61300CB7F87 /* VentureBookAppClipUITestsLaunchTests.swift in Sources */,
			);
			runOnlyForDeploymentPostprocessing = 0;
		};
		A765C6DE272CC3F6007D8C27 /* Sources */ = {
			isa = PBXSourcesBuildPhase;
			buildActionMask = 2147483647;
			files = (
				A7715959273B6E9200329FD3 /* LocationHelper.swift in Sources */,
				A765C6E8272CC3F6007D8C27 /* ContentView.swift in Sources */,
				D4D4306A274C8F7300C55EF1 /* MusicPlayer.swift in Sources */,
				A765C6E6272CC3F6007D8C27 /* VentureBookApp.swift in Sources */,
				A766E272272EFF0C00FEC6BC /* TripCDBHelper.swift in Sources */,
				D435F3E52759C3910092206C /* MapView.swift in Sources */,
				091CF772273C61740061DB02 /* FireDBHelper.swift in Sources */,
				A766E270272EFE6500FEC6BC /* TripMO.swift in Sources */,
				A765C712272CD440007D8C27 /* CoreData.xcdatamodeld in Sources */,
				D4C210ED276813F000BBD806 /* FirebaseMap.swift in Sources */,
				A767CFFC274309C2006DE73B /* MyNotes.swift in Sources */,
				A77033F9272DA2E2007ACD17 /* Persistence.swift in Sources */,
				A766E26E272EFD8300FEC6BC /* Trip.swift in Sources */,
				A765C719272CE950007D8C27 /* Note.swift in Sources */,
				A7CE680A27405FD2008144FF /* CameraPicker.swift in Sources */,
				A7F12AA9275D29D50034D5C2 /* EditNote.swift in Sources */,
				A7CE680C27406021008144FF /* LibraryPicker.swift in Sources */,
				A770000B27375A5E004EF3DD /* AddNote.swift in Sources */,
				D4D43068274C77B800C55EF1 /* Extensions.swift in Sources */,
				0988582C2752FBEC00D01808 /* NoteDetails.swift in Sources */,
				A73D4DA2272CF01A00452ABA /* NoteMO.swift in Sources */,
				A77033F7272DA1D4007ACD17 /* NoteCDBHelper.swift in Sources */,
			);
			runOnlyForDeploymentPostprocessing = 0;
		};
		A765C6EF272CC3F7007D8C27 /* Sources */ = {
			isa = PBXSourcesBuildPhase;
			buildActionMask = 2147483647;
			files = (
				A765C6F8272CC3F7007D8C27 /* VentureBookTests.swift in Sources */,
			);
			runOnlyForDeploymentPostprocessing = 0;
		};
		A765C6FA272CC3F7007D8C27 /* Sources */ = {
			isa = PBXSourcesBuildPhase;
			buildActionMask = 2147483647;
			files = (
				A765C703272CC3F7007D8C27 /* VentureBookUITests.swift in Sources */,
			);
			runOnlyForDeploymentPostprocessing = 0;
		};
/* End PBXSourcesBuildPhase section */

/* Begin PBXTargetDependency section */
		A72A90B92767F61300CB7F87 /* PBXTargetDependency */ = {
			isa = PBXTargetDependency;
			target = A72A90A52767F60F00CB7F87 /* VentureBookAppClip */;
			targetProxy = A72A90B82767F61300CB7F87 /* PBXContainerItemProxy */;
		};
		A72A90C32767F61300CB7F87 /* PBXTargetDependency */ = {
			isa = PBXTargetDependency;
			target = A72A90A52767F60F00CB7F87 /* VentureBookAppClip */;
			targetProxy = A72A90C22767F61300CB7F87 /* PBXContainerItemProxy */;
		};
		A72A90CA2767F61300CB7F87 /* PBXTargetDependency */ = {
			isa = PBXTargetDependency;
			target = A72A90A52767F60F00CB7F87 /* VentureBookAppClip */;
			targetProxy = A72A90C92767F61300CB7F87 /* PBXContainerItemProxy */;
		};
		A765C6F5272CC3F7007D8C27 /* PBXTargetDependency */ = {
			isa = PBXTargetDependency;
			target = A765C6E1272CC3F6007D8C27 /* VentureBook */;
			targetProxy = A765C6F4272CC3F7007D8C27 /* PBXContainerItemProxy */;
		};
		A765C700272CC3F7007D8C27 /* PBXTargetDependency */ = {
			isa = PBXTargetDependency;
			target = A765C6E1272CC3F6007D8C27 /* VentureBook */;
			targetProxy = A765C6FF272CC3F7007D8C27 /* PBXContainerItemProxy */;
		};
/* End PBXTargetDependency section */

/* Begin XCBuildConfiguration section */
		A72A90CD2767F61300CB7F87 /* Debug */ = {
			isa = XCBuildConfiguration;
			buildSettings = {
				ASSETCATALOG_COMPILER_APPICON_NAME = AppIcon;
				ASSETCATALOG_COMPILER_GLOBAL_ACCENT_COLOR_NAME = AccentColor;
				CLANG_CXX_LANGUAGE_STANDARD = "gnu++17";
				CODE_SIGN_ENTITLEMENTS = VentureBookAppClip/VentureBookAppClip.entitlements;
				CODE_SIGN_STYLE = Automatic;
				CURRENT_PROJECT_VERSION = 1;
				DEVELOPMENT_ASSET_PATHS = "\"VentureBookAppClip/Preview Content\"";
				DEVELOPMENT_TEAM = CV3L26C2N2;
				ENABLE_PREVIEWS = YES;
				GENERATE_INFOPLIST_FILE = YES;
				INFOPLIST_FILE = VentureBookAppClip/Info.plist;
				INFOPLIST_KEY_CFBundleDisplayName = VentureBook;
				INFOPLIST_KEY_UIApplicationSceneManifest_Generation = YES;
				INFOPLIST_KEY_UIApplicationSupportsIndirectInputEvents = YES;
				INFOPLIST_KEY_UILaunchScreen_Generation = YES;
				INFOPLIST_KEY_UISupportedInterfaceOrientations_iPad = "UIInterfaceOrientationPortrait UIInterfaceOrientationPortraitUpsideDown UIInterfaceOrientationLandscapeLeft UIInterfaceOrientationLandscapeRight";
				INFOPLIST_KEY_UISupportedInterfaceOrientations_iPhone = "UIInterfaceOrientationPortrait UIInterfaceOrientationLandscapeLeft UIInterfaceOrientationLandscapeRight";
				IPHONEOS_DEPLOYMENT_TARGET = 15.0;
				LD_RUNPATH_SEARCH_PATHS = (
					"$(inherited)",
					"@executable_path/Frameworks",
				);
				MARKETING_VERSION = 1.0;
				PRODUCT_BUNDLE_IDENTIFIER = sheridan.VentureBook.Clip;
				PRODUCT_NAME = "$(TARGET_NAME)";
				SWIFT_EMIT_LOC_STRINGS = YES;
				SWIFT_VERSION = 5.0;
				TARGETED_DEVICE_FAMILY = "1,2";
			};
			name = Debug;
		};
		A72A90CE2767F61300CB7F87 /* Release */ = {
			isa = XCBuildConfiguration;
			buildSettings = {
				ASSETCATALOG_COMPILER_APPICON_NAME = AppIcon;
				ASSETCATALOG_COMPILER_GLOBAL_ACCENT_COLOR_NAME = AccentColor;
				CLANG_CXX_LANGUAGE_STANDARD = "gnu++17";
				CODE_SIGN_ENTITLEMENTS = VentureBookAppClip/VentureBookAppClip.entitlements;
				CODE_SIGN_STYLE = Automatic;
				CURRENT_PROJECT_VERSION = 1;
				DEVELOPMENT_ASSET_PATHS = "\"VentureBookAppClip/Preview Content\"";
				DEVELOPMENT_TEAM = CV3L26C2N2;
				ENABLE_PREVIEWS = YES;
				GENERATE_INFOPLIST_FILE = YES;
				INFOPLIST_FILE = VentureBookAppClip/Info.plist;
				INFOPLIST_KEY_CFBundleDisplayName = VentureBook;
				INFOPLIST_KEY_UIApplicationSceneManifest_Generation = YES;
				INFOPLIST_KEY_UIApplicationSupportsIndirectInputEvents = YES;
				INFOPLIST_KEY_UILaunchScreen_Generation = YES;
				INFOPLIST_KEY_UISupportedInterfaceOrientations_iPad = "UIInterfaceOrientationPortrait UIInterfaceOrientationPortraitUpsideDown UIInterfaceOrientationLandscapeLeft UIInterfaceOrientationLandscapeRight";
				INFOPLIST_KEY_UISupportedInterfaceOrientations_iPhone = "UIInterfaceOrientationPortrait UIInterfaceOrientationLandscapeLeft UIInterfaceOrientationLandscapeRight";
				IPHONEOS_DEPLOYMENT_TARGET = 15.0;
				LD_RUNPATH_SEARCH_PATHS = (
					"$(inherited)",
					"@executable_path/Frameworks",
				);
				MARKETING_VERSION = 1.0;
				PRODUCT_BUNDLE_IDENTIFIER = sheridan.VentureBook.Clip;
				PRODUCT_NAME = "$(TARGET_NAME)";
				SWIFT_EMIT_LOC_STRINGS = YES;
				SWIFT_VERSION = 5.0;
				TARGETED_DEVICE_FAMILY = "1,2";
			};
			name = Release;
		};
		A72A90CF2767F61300CB7F87 /* Debug */ = {
			isa = XCBuildConfiguration;
			buildSettings = {
				ALWAYS_EMBED_SWIFT_STANDARD_LIBRARIES = YES;
				BUNDLE_LOADER = "$(TEST_HOST)";
				CLANG_CXX_LANGUAGE_STANDARD = "gnu++17";
				CODE_SIGN_STYLE = Automatic;
				CURRENT_PROJECT_VERSION = 1;
				DEVELOPMENT_TEAM = CV3L26C2N2;
				GENERATE_INFOPLIST_FILE = YES;
				IPHONEOS_DEPLOYMENT_TARGET = 15.0;
				LD_RUNPATH_SEARCH_PATHS = (
					"$(inherited)",
					"@executable_path/Frameworks",
					"@loader_path/Frameworks",
				);
				MARKETING_VERSION = 1.0;
				PRODUCT_BUNDLE_IDENTIFIER = sheridan.VentureBook.VentureBookAppClipTests;
				PRODUCT_NAME = "$(TARGET_NAME)";
				SWIFT_EMIT_LOC_STRINGS = NO;
				SWIFT_VERSION = 5.0;
				TARGETED_DEVICE_FAMILY = "1,2";
				TEST_HOST = "$(BUILT_PRODUCTS_DIR)/VentureBookAppClip.app/VentureBookAppClip";
			};
			name = Debug;
		};
		A72A90D02767F61300CB7F87 /* Release */ = {
			isa = XCBuildConfiguration;
			buildSettings = {
				ALWAYS_EMBED_SWIFT_STANDARD_LIBRARIES = YES;
				BUNDLE_LOADER = "$(TEST_HOST)";
				CLANG_CXX_LANGUAGE_STANDARD = "gnu++17";
				CODE_SIGN_STYLE = Automatic;
				CURRENT_PROJECT_VERSION = 1;
				DEVELOPMENT_TEAM = CV3L26C2N2;
				GENERATE_INFOPLIST_FILE = YES;
				IPHONEOS_DEPLOYMENT_TARGET = 15.0;
				LD_RUNPATH_SEARCH_PATHS = (
					"$(inherited)",
					"@executable_path/Frameworks",
					"@loader_path/Frameworks",
				);
				MARKETING_VERSION = 1.0;
				PRODUCT_BUNDLE_IDENTIFIER = sheridan.VentureBook.VentureBookAppClipTests;
				PRODUCT_NAME = "$(TARGET_NAME)";
				SWIFT_EMIT_LOC_STRINGS = NO;
				SWIFT_VERSION = 5.0;
				TARGETED_DEVICE_FAMILY = "1,2";
				TEST_HOST = "$(BUILT_PRODUCTS_DIR)/VentureBookAppClip.app/VentureBookAppClip";
			};
			name = Release;
		};
		A72A90D12767F61300CB7F87 /* Debug */ = {
			isa = XCBuildConfiguration;
			buildSettings = {
				ALWAYS_EMBED_SWIFT_STANDARD_LIBRARIES = YES;
				CLANG_CXX_LANGUAGE_STANDARD = "gnu++17";
				CODE_SIGN_STYLE = Automatic;
				CURRENT_PROJECT_VERSION = 1;
				DEVELOPMENT_TEAM = CV3L26C2N2;
				GENERATE_INFOPLIST_FILE = YES;
				IPHONEOS_DEPLOYMENT_TARGET = 15.0;
				LD_RUNPATH_SEARCH_PATHS = (
					"$(inherited)",
					"@executable_path/Frameworks",
					"@loader_path/Frameworks",
				);
				MARKETING_VERSION = 1.0;
				PRODUCT_BUNDLE_IDENTIFIER = sheridan.VentureBook.VentureBookAppClipUITests;
				PRODUCT_NAME = "$(TARGET_NAME)";
				SWIFT_EMIT_LOC_STRINGS = NO;
				SWIFT_VERSION = 5.0;
				TARGETED_DEVICE_FAMILY = "1,2";
				TEST_TARGET_NAME = VentureBookAppClip;
			};
			name = Debug;
		};
		A72A90D22767F61300CB7F87 /* Release */ = {
			isa = XCBuildConfiguration;
			buildSettings = {
				ALWAYS_EMBED_SWIFT_STANDARD_LIBRARIES = YES;
				CLANG_CXX_LANGUAGE_STANDARD = "gnu++17";
				CODE_SIGN_STYLE = Automatic;
				CURRENT_PROJECT_VERSION = 1;
				DEVELOPMENT_TEAM = CV3L26C2N2;
				GENERATE_INFOPLIST_FILE = YES;
				IPHONEOS_DEPLOYMENT_TARGET = 15.0;
				LD_RUNPATH_SEARCH_PATHS = (
					"$(inherited)",
					"@executable_path/Frameworks",
					"@loader_path/Frameworks",
				);
				MARKETING_VERSION = 1.0;
				PRODUCT_BUNDLE_IDENTIFIER = sheridan.VentureBook.VentureBookAppClipUITests;
				PRODUCT_NAME = "$(TARGET_NAME)";
				SWIFT_EMIT_LOC_STRINGS = NO;
				SWIFT_VERSION = 5.0;
				TARGETED_DEVICE_FAMILY = "1,2";
				TEST_TARGET_NAME = VentureBookAppClip;
			};
			name = Release;
		};
		A765C705272CC3F7007D8C27 /* Debug */ = {
			isa = XCBuildConfiguration;
			buildSettings = {
				ALWAYS_SEARCH_USER_PATHS = NO;
				CLANG_ANALYZER_NONNULL = YES;
				CLANG_ANALYZER_NUMBER_OBJECT_CONVERSION = YES_AGGRESSIVE;
				CLANG_CXX_LANGUAGE_STANDARD = "gnu++14";
				CLANG_CXX_LIBRARY = "libc++";
				CLANG_ENABLE_MODULES = YES;
				CLANG_ENABLE_OBJC_ARC = YES;
				CLANG_ENABLE_OBJC_WEAK = YES;
				CLANG_WARN_BLOCK_CAPTURE_AUTORELEASING = YES;
				CLANG_WARN_BOOL_CONVERSION = YES;
				CLANG_WARN_COMMA = YES;
				CLANG_WARN_CONSTANT_CONVERSION = YES;
				CLANG_WARN_DEPRECATED_OBJC_IMPLEMENTATIONS = YES;
				CLANG_WARN_DIRECT_OBJC_ISA_USAGE = YES_ERROR;
				CLANG_WARN_DOCUMENTATION_COMMENTS = YES;
				CLANG_WARN_EMPTY_BODY = YES;
				CLANG_WARN_ENUM_CONVERSION = YES;
				CLANG_WARN_INFINITE_RECURSION = YES;
				CLANG_WARN_INT_CONVERSION = YES;
				CLANG_WARN_NON_LITERAL_NULL_CONVERSION = YES;
				CLANG_WARN_OBJC_IMPLICIT_RETAIN_SELF = YES;
				CLANG_WARN_OBJC_LITERAL_CONVERSION = YES;
				CLANG_WARN_OBJC_ROOT_CLASS = YES_ERROR;
				CLANG_WARN_QUOTED_INCLUDE_IN_FRAMEWORK_HEADER = YES;
				CLANG_WARN_RANGE_LOOP_ANALYSIS = YES;
				CLANG_WARN_STRICT_PROTOTYPES = YES;
				CLANG_WARN_SUSPICIOUS_MOVE = YES;
				CLANG_WARN_UNGUARDED_AVAILABILITY = YES_AGGRESSIVE;
				CLANG_WARN_UNREACHABLE_CODE = YES;
				CLANG_WARN__DUPLICATE_METHOD_MATCH = YES;
				COPY_PHASE_STRIP = NO;
				DEBUG_INFORMATION_FORMAT = dwarf;
				ENABLE_STRICT_OBJC_MSGSEND = YES;
				ENABLE_TESTABILITY = YES;
				GCC_C_LANGUAGE_STANDARD = gnu11;
				GCC_DYNAMIC_NO_PIC = NO;
				GCC_NO_COMMON_BLOCKS = YES;
				GCC_OPTIMIZATION_LEVEL = 0;
				GCC_PREPROCESSOR_DEFINITIONS = (
					"DEBUG=1",
					"$(inherited)",
				);
				GCC_WARN_64_TO_32_BIT_CONVERSION = YES;
				GCC_WARN_ABOUT_RETURN_TYPE = YES_ERROR;
				GCC_WARN_UNDECLARED_SELECTOR = YES;
				GCC_WARN_UNINITIALIZED_AUTOS = YES_AGGRESSIVE;
				GCC_WARN_UNUSED_FUNCTION = YES;
				GCC_WARN_UNUSED_VARIABLE = YES;
				IPHONEOS_DEPLOYMENT_TARGET = 14.5;
				MTL_ENABLE_DEBUG_INFO = INCLUDE_SOURCE;
				MTL_FAST_MATH = YES;
				ONLY_ACTIVE_ARCH = YES;
				SDKROOT = iphoneos;
				SWIFT_ACTIVE_COMPILATION_CONDITIONS = DEBUG;
				SWIFT_OPTIMIZATION_LEVEL = "-Onone";
			};
			name = Debug;
		};
		A765C706272CC3F7007D8C27 /* Release */ = {
			isa = XCBuildConfiguration;
			buildSettings = {
				ALWAYS_SEARCH_USER_PATHS = NO;
				CLANG_ANALYZER_NONNULL = YES;
				CLANG_ANALYZER_NUMBER_OBJECT_CONVERSION = YES_AGGRESSIVE;
				CLANG_CXX_LANGUAGE_STANDARD = "gnu++14";
				CLANG_CXX_LIBRARY = "libc++";
				CLANG_ENABLE_MODULES = YES;
				CLANG_ENABLE_OBJC_ARC = YES;
				CLANG_ENABLE_OBJC_WEAK = YES;
				CLANG_WARN_BLOCK_CAPTURE_AUTORELEASING = YES;
				CLANG_WARN_BOOL_CONVERSION = YES;
				CLANG_WARN_COMMA = YES;
				CLANG_WARN_CONSTANT_CONVERSION = YES;
				CLANG_WARN_DEPRECATED_OBJC_IMPLEMENTATIONS = YES;
				CLANG_WARN_DIRECT_OBJC_ISA_USAGE = YES_ERROR;
				CLANG_WARN_DOCUMENTATION_COMMENTS = YES;
				CLANG_WARN_EMPTY_BODY = YES;
				CLANG_WARN_ENUM_CONVERSION = YES;
				CLANG_WARN_INFINITE_RECURSION = YES;
				CLANG_WARN_INT_CONVERSION = YES;
				CLANG_WARN_NON_LITERAL_NULL_CONVERSION = YES;
				CLANG_WARN_OBJC_IMPLICIT_RETAIN_SELF = YES;
				CLANG_WARN_OBJC_LITERAL_CONVERSION = YES;
				CLANG_WARN_OBJC_ROOT_CLASS = YES_ERROR;
				CLANG_WARN_QUOTED_INCLUDE_IN_FRAMEWORK_HEADER = YES;
				CLANG_WARN_RANGE_LOOP_ANALYSIS = YES;
				CLANG_WARN_STRICT_PROTOTYPES = YES;
				CLANG_WARN_SUSPICIOUS_MOVE = YES;
				CLANG_WARN_UNGUARDED_AVAILABILITY = YES_AGGRESSIVE;
				CLANG_WARN_UNREACHABLE_CODE = YES;
				CLANG_WARN__DUPLICATE_METHOD_MATCH = YES;
				COPY_PHASE_STRIP = NO;
				DEBUG_INFORMATION_FORMAT = "dwarf-with-dsym";
				ENABLE_NS_ASSERTIONS = NO;
				ENABLE_STRICT_OBJC_MSGSEND = YES;
				GCC_C_LANGUAGE_STANDARD = gnu11;
				GCC_NO_COMMON_BLOCKS = YES;
				GCC_WARN_64_TO_32_BIT_CONVERSION = YES;
				GCC_WARN_ABOUT_RETURN_TYPE = YES_ERROR;
				GCC_WARN_UNDECLARED_SELECTOR = YES;
				GCC_WARN_UNINITIALIZED_AUTOS = YES_AGGRESSIVE;
				GCC_WARN_UNUSED_FUNCTION = YES;
				GCC_WARN_UNUSED_VARIABLE = YES;
				IPHONEOS_DEPLOYMENT_TARGET = 14.5;
				MTL_ENABLE_DEBUG_INFO = NO;
				MTL_FAST_MATH = YES;
				SDKROOT = iphoneos;
				SWIFT_COMPILATION_MODE = wholemodule;
				SWIFT_OPTIMIZATION_LEVEL = "-O";
				VALIDATE_PRODUCT = YES;
			};
			name = Release;
		};
		A765C708272CC3F7007D8C27 /* Debug */ = {
			isa = XCBuildConfiguration;
			baseConfigurationReference = 33FFA7329D244AB9C16BD94C /* Pods-VentureBook.debug.xcconfig */;
			buildSettings = {
				ALWAYS_EMBED_SWIFT_STANDARD_LIBRARIES = YES;
				ASSETCATALOG_COMPILER_APPICON_NAME = AppIcon;
				ASSETCATALOG_COMPILER_GLOBAL_ACCENT_COLOR_NAME = AccentColor;
				CODE_SIGN_STYLE = Automatic;
				DEVELOPMENT_ASSET_PATHS = "\"VentureBook/Preview Content\"";
				DEVELOPMENT_TEAM = CV3L26C2N2;
				ENABLE_PREVIEWS = YES;
				INFOPLIST_FILE = VentureBook/Info.plist;
				IPHONEOS_DEPLOYMENT_TARGET = 14.0;
				LD_RUNPATH_SEARCH_PATHS = (
					"$(inherited)",
					"@executable_path/Frameworks",
				);
				PRODUCT_BUNDLE_IDENTIFIER = sheridan.VentureBook;
				PRODUCT_NAME = "$(TARGET_NAME)";
				SWIFT_VERSION = 5.0;
				TARGETED_DEVICE_FAMILY = "1,2";
			};
			name = Debug;
		};
		A765C709272CC3F7007D8C27 /* Release */ = {
			isa = XCBuildConfiguration;
			baseConfigurationReference = 3715282AEE7086A1104FD20A /* Pods-VentureBook.release.xcconfig */;
			buildSettings = {
				ALWAYS_EMBED_SWIFT_STANDARD_LIBRARIES = YES;
				ASSETCATALOG_COMPILER_APPICON_NAME = AppIcon;
				ASSETCATALOG_COMPILER_GLOBAL_ACCENT_COLOR_NAME = AccentColor;
				CODE_SIGN_STYLE = Automatic;
				DEVELOPMENT_ASSET_PATHS = "\"VentureBook/Preview Content\"";
				DEVELOPMENT_TEAM = CV3L26C2N2;
				ENABLE_PREVIEWS = YES;
				INFOPLIST_FILE = VentureBook/Info.plist;
				IPHONEOS_DEPLOYMENT_TARGET = 14.0;
				LD_RUNPATH_SEARCH_PATHS = (
					"$(inherited)",
					"@executable_path/Frameworks",
				);
				PRODUCT_BUNDLE_IDENTIFIER = sheridan.VentureBook;
				PRODUCT_NAME = "$(TARGET_NAME)";
				SWIFT_VERSION = 5.0;
				TARGETED_DEVICE_FAMILY = "1,2";
			};
			name = Release;
		};
		A765C70B272CC3F7007D8C27 /* Debug */ = {
			isa = XCBuildConfiguration;
			baseConfigurationReference = 03621AF6954504F95ACE04FB /* Pods-VentureBookTests.debug.xcconfig */;
			buildSettings = {
				ALWAYS_EMBED_SWIFT_STANDARD_LIBRARIES = YES;
				BUNDLE_LOADER = "$(TEST_HOST)";
				CODE_SIGN_STYLE = Automatic;
				INFOPLIST_FILE = VentureBookTests/Info.plist;
				IPHONEOS_DEPLOYMENT_TARGET = 14.0;
				LD_RUNPATH_SEARCH_PATHS = (
					"$(inherited)",
					"@executable_path/Frameworks",
					"@loader_path/Frameworks",
				);
				PRODUCT_BUNDLE_IDENTIFIER = sheridan.VentureBookTests;
				PRODUCT_NAME = "$(TARGET_NAME)";
				SWIFT_VERSION = 5.0;
				TARGETED_DEVICE_FAMILY = "1,2";
				TEST_HOST = "$(BUILT_PRODUCTS_DIR)/VentureBook.app/VentureBook";
			};
			name = Debug;
		};
		A765C70C272CC3F7007D8C27 /* Release */ = {
			isa = XCBuildConfiguration;
			baseConfigurationReference = DA2BC764F8B226305B08F790 /* Pods-VentureBookTests.release.xcconfig */;
			buildSettings = {
				ALWAYS_EMBED_SWIFT_STANDARD_LIBRARIES = YES;
				BUNDLE_LOADER = "$(TEST_HOST)";
				CODE_SIGN_STYLE = Automatic;
				INFOPLIST_FILE = VentureBookTests/Info.plist;
				IPHONEOS_DEPLOYMENT_TARGET = 14.0;
				LD_RUNPATH_SEARCH_PATHS = (
					"$(inherited)",
					"@executable_path/Frameworks",
					"@loader_path/Frameworks",
				);
				PRODUCT_BUNDLE_IDENTIFIER = sheridan.VentureBookTests;
				PRODUCT_NAME = "$(TARGET_NAME)";
				SWIFT_VERSION = 5.0;
				TARGETED_DEVICE_FAMILY = "1,2";
				TEST_HOST = "$(BUILT_PRODUCTS_DIR)/VentureBook.app/VentureBook";
			};
			name = Release;
		};
		A765C70E272CC3F7007D8C27 /* Debug */ = {
			isa = XCBuildConfiguration;
			baseConfigurationReference = 1E1D01ED66E6F282D83199B7 /* Pods-VentureBook-VentureBookUITests.debug.xcconfig */;
			buildSettings = {
				ALWAYS_EMBED_SWIFT_STANDARD_LIBRARIES = YES;
				CODE_SIGN_STYLE = Automatic;
				INFOPLIST_FILE = VentureBookUITests/Info.plist;
				LD_RUNPATH_SEARCH_PATHS = (
					"$(inherited)",
					"@executable_path/Frameworks",
					"@loader_path/Frameworks",
				);
				PRODUCT_BUNDLE_IDENTIFIER = sheridan.VentureBookUITests;
				PRODUCT_NAME = "$(TARGET_NAME)";
				SWIFT_VERSION = 5.0;
				TARGETED_DEVICE_FAMILY = "1,2";
				TEST_TARGET_NAME = VentureBook;
			};
			name = Debug;
		};
		A765C70F272CC3F7007D8C27 /* Release */ = {
			isa = XCBuildConfiguration;
			baseConfigurationReference = 7299A19473DA5676D7473AF3 /* Pods-VentureBook-VentureBookUITests.release.xcconfig */;
			buildSettings = {
				ALWAYS_EMBED_SWIFT_STANDARD_LIBRARIES = YES;
				CODE_SIGN_STYLE = Automatic;
				INFOPLIST_FILE = VentureBookUITests/Info.plist;
				LD_RUNPATH_SEARCH_PATHS = (
					"$(inherited)",
					"@executable_path/Frameworks",
					"@loader_path/Frameworks",
				);
				PRODUCT_BUNDLE_IDENTIFIER = sheridan.VentureBookUITests;
				PRODUCT_NAME = "$(TARGET_NAME)";
				SWIFT_VERSION = 5.0;
				TARGETED_DEVICE_FAMILY = "1,2";
				TEST_TARGET_NAME = VentureBook;
			};
			name = Release;
		};
/* End XCBuildConfiguration section */

/* Begin XCConfigurationList section */
		A72A90D32767F61300CB7F87 /* Build configuration list for PBXNativeTarget "VentureBookAppClip" */ = {
			isa = XCConfigurationList;
			buildConfigurations = (
				A72A90CD2767F61300CB7F87 /* Debug */,
				A72A90CE2767F61300CB7F87 /* Release */,
			);
			defaultConfigurationIsVisible = 0;
			defaultConfigurationName = Release;
		};
		A72A90D42767F61300CB7F87 /* Build configuration list for PBXNativeTarget "VentureBookAppClipTests" */ = {
			isa = XCConfigurationList;
			buildConfigurations = (
				A72A90CF2767F61300CB7F87 /* Debug */,
				A72A90D02767F61300CB7F87 /* Release */,
			);
			defaultConfigurationIsVisible = 0;
			defaultConfigurationName = Release;
		};
		A72A90D52767F61300CB7F87 /* Build configuration list for PBXNativeTarget "VentureBookAppClipUITests" */ = {
			isa = XCConfigurationList;
			buildConfigurations = (
				A72A90D12767F61300CB7F87 /* Debug */,
				A72A90D22767F61300CB7F87 /* Release */,
			);
			defaultConfigurationIsVisible = 0;
			defaultConfigurationName = Release;
		};
		A765C6DD272CC3F6007D8C27 /* Build configuration list for PBXProject "VentureBook" */ = {
			isa = XCConfigurationList;
			buildConfigurations = (
				A765C705272CC3F7007D8C27 /* Debug */,
				A765C706272CC3F7007D8C27 /* Release */,
			);
			defaultConfigurationIsVisible = 0;
			defaultConfigurationName = Release;
		};
		A765C707272CC3F7007D8C27 /* Build configuration list for PBXNativeTarget "VentureBook" */ = {
			isa = XCConfigurationList;
			buildConfigurations = (
				A765C708272CC3F7007D8C27 /* Debug */,
				A765C709272CC3F7007D8C27 /* Release */,
			);
			defaultConfigurationIsVisible = 0;
			defaultConfigurationName = Release;
		};
		A765C70A272CC3F7007D8C27 /* Build configuration list for PBXNativeTarget "VentureBookTests" */ = {
			isa = XCConfigurationList;
			buildConfigurations = (
				A765C70B272CC3F7007D8C27 /* Debug */,
				A765C70C272CC3F7007D8C27 /* Release */,
			);
			defaultConfigurationIsVisible = 0;
			defaultConfigurationName = Release;
		};
		A765C70D272CC3F7007D8C27 /* Build configuration list for PBXNativeTarget "VentureBookUITests" */ = {
			isa = XCConfigurationList;
			buildConfigurations = (
				A765C70E272CC3F7007D8C27 /* Debug */,
				A765C70F272CC3F7007D8C27 /* Release */,
			);
			defaultConfigurationIsVisible = 0;
			defaultConfigurationName = Release;
		};
/* End XCConfigurationList section */

/* Begin XCVersionGroup section */
		A765C710272CD440007D8C27 /* CoreData.xcdatamodeld */ = {
			isa = XCVersionGroup;
			children = (
				A765C711272CD440007D8C27 /* CoreData.xcdatamodel */,
			);
			currentVersion = A765C711272CD440007D8C27 /* CoreData.xcdatamodel */;
			path = CoreData.xcdatamodeld;
			sourceTree = "<group>";
			versionGroupType = wrapper.xcdatamodel;
		};
/* End XCVersionGroup section */
	};
	rootObject = A765C6DA272CC3F6007D8C27 /* Project object */;
}
